
Microsoft Visual Studio Solution File, Format Version 10.00
# Visual Studio 2008
Project("{6989167D-11E4-40FE-8C1A-2192A86A7E90}") = "HassLibsIntel", "HassLibsIntel.vfproj", "{96667BD5-097B-47AE-8EB4-A39ADE59FA52}"
EndProject
Global
	GlobalSection(SolutionConfigurationPlatforms) = preSolution
		Debug|Win32 = Debug|Win32
		Release|Win32 = Release|Win32
	EndGlobalSection
	GlobalSection(ProjectConfigurationPlatforms) = postSolution
		{96667BD5-097B-47AE-8EB4-A39ADE59FA52}.Debug|Win32.ActiveCfg = Debug|x64
		{96667BD5-097B-47AE-8EB4-A39ADE59FA52}.Debug|Win32.Build.0 = Debug|x64
		{96667BD5-097B-47AE-8EB4-A39ADE59FA52}.Release|Win32.ActiveCfg = Release|Win32
		{96667BD5-097B-47AE-8EB4-A39ADE59FA52}.Release|Win32.Build.0 = Release|Win32
	EndGlobalSection
	GlobalSection(SolutionProperties) = preSolution
		HideSolutionNode = FALSE
	EndGlobalSection
EndGlobal
