Microsoft Visual Studio Solution File, Format Version 12.00
# Visual Studio 14
VisualStudioVersion = 14.0.23107.0
MinimumVisualStudioVersion = 10.0.40219.1
Project("{6989167D-11E4-40FE-8C1A-2192A86A7E90}") = "util", "util\util.vfproj", "{E2AADE62-ABA8-40FB-B834-8E81236B26D4}"
EndProject
Project("{6989167D-11E4-40FE-8C1A-2192A86A7E90}") = "adwdm", "adwdm\adwdm.vfproj", "{6ED3837D-3DC9-46F0-94B4-2A274BF28DCD}"
	ProjectSection(ProjectDependencies) = postProject
		{E2AADE62-ABA8-40FB-B834-8E81236B26D4} = {E2AADE62-ABA8-40FB-B834-8E81236B26D4}
	EndProjectSection
EndProject
Project("{6989167D-11E4-40FE-8C1A-2192A86A7E90}") = "hspdss", "hspdss\hspdss.vfproj", "{2E4C4427-B458-4EB8-97DE-20EEB890270C}"
EndProject
Project("{6989167D-11E4-40FE-8C1A-2192A86A7E90}") = "wdm", "wdm\wdm.vfproj", "{5199D704-EEFC-4723-9F87-09E26C9B1551}"
	ProjectSection(ProjectDependencies) = postProject
		{E2AADE62-ABA8-40FB-B834-8E81236B26D4} = {E2AADE62-ABA8-40FB-B834-8E81236B26D4}
		{6ED3837D-3DC9-46F0-94B4-2A274BF28DCD} = {6ED3837D-3DC9-46F0-94B4-2A274BF28DCD}
	EndProjectSection
EndProject
Project("{6989167D-11E4-40FE-8C1A-2192A86A7E90}") = "HspNoDSS", "HspNoDSS\HspNoDSS.vfproj", "{A6D46402-B0DD-41DF-BEF1-7B043C54AC75}"
EndProject
Project("{6989167D-11E4-40FE-8C1A-2192A86A7E90}") = "graph", "graph\graph.vfproj", "{3AEB9EA7-D400-4E4D-9C7B-D5A79182D476}"
EndProject
Project("{6989167D-11E4-40FE-8C1A-2192A86A7E90}") = "awstat", "awstat\awstat.vfproj", "{93F7DEFA-D072-4F17-BAE3-9195862554E8}"
EndProject
Project("{6989167D-11E4-40FE-8C1A-2192A86A7E90}") = "ann", "ann\ann.vfproj", "{7811E0FA-3283-4702-AD58-D55A4E30B92D}"
EndProject
Project("{6989167D-11E4-40FE-8C1A-2192A86A7E90}") = "waide", "waide\waide.vfproj", "{495FD07E-EB80-45D5-81FD-6C8B396583CA}"
EndProject
Project("{6989167D-11E4-40FE-8C1A-2192A86A7E90}") = "iowdm", "iowdm\iowdm.vfproj", "{352C97D2-C138-4810-857D-A86891DA048A}"
EndProject
Project("{6989167D-11E4-40FE-8C1A-2192A86A7E90}") = "hspf140", "hspf140\hspf140.vfproj", "{A8A138D0-B43B-431F-890A-E07BDDD5050E}"
EndProject
Project("{6989167D-11E4-40FE-8C1A-2192A86A7E90}") = "HspNoDSS140", "HspNoDSS140\HspNoDSS140.vfproj", "{0AA9A94D-2C5E-450B-89F2-A01B80248F46}"
EndProject
Project("{6989167D-11E4-40FE-8C1A-2192A86A7E90}") = "newaqt12", "newaqt12\newaqt12.vfproj", "{F7E377B9-8CBA-4479-AF84-51325B55F0EE}"
EndProject
Project("{6989167D-11E4-40FE-8C1A-2192A86A7E90}") = "hspf125", "hspf125\hspf125.vfproj", "{78F5D51D-631E-4982-A428-179626CAB853}"
EndProject
Project("{6989167D-11E4-40FE-8C1A-2192A86A7E90}") = "aide", "aide\aide.vfproj", "{44F87EA1-8AF5-4203-982F-1F956A5C6864}"
EndProject
Global
	GlobalSection(SolutionConfigurationPlatforms) = preSolution
		Debug|Win32 = Debug|Win32
		Debug|x64 = Debug|x64
		Release|Win32 = Release|Win32
		Release|x64 = Release|x64
	EndGlobalSection
	GlobalSection(ProjectConfigurationPlatforms) = postSolution
		{E2AADE62-ABA8-40FB-B834-8E81236B26D4}.Debug|Win32.ActiveCfg = Debug|Win32
		{E2AADE62-ABA8-40FB-B834-8E81236B26D4}.Debug|Win32.Build.0 = Debug|Win32
		{E2AADE62-ABA8-40FB-B834-8E81236B26D4}.Debug|x64.ActiveCfg = Debug|x64
		{E2AADE62-ABA8-40FB-B834-8E81236B26D4}.Debug|x64.Build.0 = Debug|x64
		{E2AADE62-ABA8-40FB-B834-8E81236B26D4}.Release|Win32.ActiveCfg = Release|Win32
		{E2AADE62-ABA8-40FB-B834-8E81236B26D4}.Release|Win32.Build.0 = Release|Win32
		{E2AADE62-ABA8-40FB-B834-8E81236B26D4}.Release|x64.ActiveCfg = Release|x64
		{E2AADE62-ABA8-40FB-B834-8E81236B26D4}.Release|x64.Build.0 = Release|x64
		{6ED3837D-3DC9-46F0-94B4-2A274BF28DCD}.Debug|Win32.ActiveCfg = Debug|Win32
		{6ED3837D-3DC9-46F0-94B4-2A274BF28DCD}.Debug|Win32.Build.0 = Debug|Win32
		{6ED3837D-3DC9-46F0-94B4-2A274BF28DCD}.Debug|x64.ActiveCfg = Debug|x64
		{6ED3837D-3DC9-46F0-94B4-2A274BF28DCD}.Debug|x64.Build.0 = Debug|x64
		{6ED3837D-3DC9-46F0-94B4-2A274BF28DCD}.Release|Win32.ActiveCfg = Release|Win32
		{6ED3837D-3DC9-46F0-94B4-2A274BF28DCD}.Release|Win32.Build.0 = Release|Win32
		{6ED3837D-3DC9-46F0-94B4-2A274BF28DCD}.Release|x64.ActiveCfg = Release|Win32
		{6ED3837D-3DC9-46F0-94B4-2A274BF28DCD}.Release|x64.Build.0 = Release|Win32
		{2E4C4427-B458-4EB8-97DE-20EEB890270C}.Debug|Win32.ActiveCfg = Debug|Win32
		{2E4C4427-B458-4EB8-97DE-20EEB890270C}.Debug|x64.ActiveCfg = Debug|x64
		{2E4C4427-B458-4EB8-97DE-20EEB890270C}.Release|Win32.ActiveCfg = Release|Win32
		{2E4C4427-B458-4EB8-97DE-20EEB890270C}.Release|x64.ActiveCfg = Release|x64
		{5199D704-EEFC-4723-9F87-09E26C9B1551}.Debug|Win32.ActiveCfg = Debug|Win32
		{5199D704-EEFC-4723-9F87-09E26C9B1551}.Debug|Win32.Build.0 = Debug|Win32
		{5199D704-EEFC-4723-9F87-09E26C9B1551}.Debug|x64.ActiveCfg = Debug|x64
		{5199D704-EEFC-4723-9F87-09E26C9B1551}.Debug|x64.Build.0 = Debug|x64
		{5199D704-EEFC-4723-9F87-09E26C9B1551}.Release|Win32.ActiveCfg = Release|Win32
		{5199D704-EEFC-4723-9F87-09E26C9B1551}.Release|Win32.Build.0 = Release|Win32
		{5199D704-EEFC-4723-9F87-09E26C9B1551}.Release|x64.ActiveCfg = Release|x64
		{5199D704-EEFC-4723-9F87-09E26C9B1551}.Release|x64.Build.0 = Release|x64
		{A6D46402-B0DD-41DF-BEF1-7B043C54AC75}.Debug|Win32.ActiveCfg = Debug|Win32
		{A6D46402-B0DD-41DF-BEF1-7B043C54AC75}.Debug|Win32.Build.0 = Debug|Win32
		{A6D46402-B0DD-41DF-BEF1-7B043C54AC75}.Debug|x64.ActiveCfg = Debug|x64
		{A6D46402-B0DD-41DF-BEF1-7B043C54AC75}.Debug|x64.Build.0 = Debug|x64
		{A6D46402-B0DD-41DF-BEF1-7B043C54AC75}.Release|Win32.ActiveCfg = Release|Win32
		{A6D46402-B0DD-41DF-BEF1-7B043C54AC75}.Release|Win32.Build.0 = Release|Win32
		{A6D46402-B0DD-41DF-BEF1-7B043C54AC75}.Release|x64.ActiveCfg = Release|x64
		{A6D46402-B0DD-41DF-BEF1-7B043C54AC75}.Release|x64.Build.0 = Release|x64
		{3AEB9EA7-D400-4E4D-9C7B-D5A79182D476}.Debug|Win32.ActiveCfg = Debug|Win32
		{3AEB9EA7-D400-4E4D-9C7B-D5A79182D476}.Debug|Win32.Build.0 = Debug|Win32
		{3AEB9EA7-D400-4E4D-9C7B-D5A79182D476}.Debug|x64.ActiveCfg = Debug|x64
		{3AEB9EA7-D400-4E4D-9C7B-D5A79182D476}.Debug|x64.Build.0 = Debug|x64
		{3AEB9EA7-D400-4E4D-9C7B-D5A79182D476}.Release|Win32.ActiveCfg = Release|Win32
		{3AEB9EA7-D400-4E4D-9C7B-D5A79182D476}.Release|Win32.Build.0 = Release|Win32
		{3AEB9EA7-D400-4E4D-9C7B-D5A79182D476}.Release|x64.ActiveCfg = Release|x64
		{3AEB9EA7-D400-4E4D-9C7B-D5A79182D476}.Release|x64.Build.0 = Release|x64
		{93F7DEFA-D072-4F17-BAE3-9195862554E8}.Debug|Win32.ActiveCfg = Debug|Win32
		{93F7DEFA-D072-4F17-BAE3-9195862554E8}.Debug|Win32.Build.0 = Debug|Win32
		{93F7DEFA-D072-4F17-BAE3-9195862554E8}.Debug|x64.ActiveCfg = Debug|x64
		{93F7DEFA-D072-4F17-BAE3-9195862554E8}.Debug|x64.Build.0 = Debug|x64
		{93F7DEFA-D072-4F17-BAE3-9195862554E8}.Release|Win32.ActiveCfg = Release|Win32
		{93F7DEFA-D072-4F17-BAE3-9195862554E8}.Release|Win32.Build.0 = Release|Win32
		{93F7DEFA-D072-4F17-BAE3-9195862554E8}.Release|x64.ActiveCfg = Release|x64
		{93F7DEFA-D072-4F17-BAE3-9195862554E8}.Release|x64.Build.0 = Release|x64
		{7811E0FA-3283-4702-AD58-D55A4E30B92D}.Debug|Win32.ActiveCfg = Debug|Win32
		{7811E0FA-3283-4702-AD58-D55A4E30B92D}.Debug|Win32.Build.0 = Debug|Win32
		{7811E0FA-3283-4702-AD58-D55A4E30B92D}.Debug|x64.ActiveCfg = Debug|x64
		{7811E0FA-3283-4702-AD58-D55A4E30B92D}.Debug|x64.Build.0 = Debug|x64
		{7811E0FA-3283-4702-AD58-D55A4E30B92D}.Release|Win32.ActiveCfg = Release|Win32
		{7811E0FA-3283-4702-AD58-D55A4E30B92D}.Release|Win32.Build.0 = Release|Win32
		{7811E0FA-3283-4702-AD58-D55A4E30B92D}.Release|x64.ActiveCfg = Release|x64
		{7811E0FA-3283-4702-AD58-D55A4E30B92D}.Release|x64.Build.0 = Release|x64
		{495FD07E-EB80-45D5-81FD-6C8B396583CA}.Debug|Win32.ActiveCfg = Debug|Win32
		{495FD07E-EB80-45D5-81FD-6C8B396583CA}.Debug|Win32.Build.0 = Debug|Win32
		{495FD07E-EB80-45D5-81FD-6C8B396583CA}.Debug|x64.ActiveCfg = Debug|x64
		{495FD07E-EB80-45D5-81FD-6C8B396583CA}.Debug|x64.Build.0 = Debug|x64
		{495FD07E-EB80-45D5-81FD-6C8B396583CA}.Release|Win32.ActiveCfg = Release|Win32
		{495FD07E-EB80-45D5-81FD-6C8B396583CA}.Release|Win32.Build.0 = Release|Win32
		{495FD07E-EB80-45D5-81FD-6C8B396583CA}.Release|x64.ActiveCfg = Release|x64
		{495FD07E-EB80-45D5-81FD-6C8B396583CA}.Release|x64.Build.0 = Release|x64
		{352C97D2-C138-4810-857D-A86891DA048A}.Debug|Win32.ActiveCfg = Debug|Win32
		{352C97D2-C138-4810-857D-A86891DA048A}.Debug|Win32.Build.0 = Debug|Win32
		{352C97D2-C138-4810-857D-A86891DA048A}.Debug|x64.ActiveCfg = Debug|x64
		{352C97D2-C138-4810-857D-A86891DA048A}.Debug|x64.Build.0 = Debug|x64
		{352C97D2-C138-4810-857D-A86891DA048A}.Release|Win32.ActiveCfg = Release|Win32
		{352C97D2-C138-4810-857D-A86891DA048A}.Release|Win32.Build.0 = Release|Win32
		{352C97D2-C138-4810-857D-A86891DA048A}.Release|x64.ActiveCfg = Release|x64
		{352C97D2-C138-4810-857D-A86891DA048A}.Release|x64.Build.0 = Release|x64
		{A8A138D0-B43B-431F-890A-E07BDDD5050E}.Debug|Win32.ActiveCfg = Debug|Win32
		{A8A138D0-B43B-431F-890A-E07BDDD5050E}.Debug|Win32.Build.0 = Debug|Win32
		{A8A138D0-B43B-431F-890A-E07BDDD5050E}.Debug|x64.ActiveCfg = Debug|x64
		{A8A138D0-B43B-431F-890A-E07BDDD5050E}.Debug|x64.Build.0 = Debug|x64
		{A8A138D0-B43B-431F-890A-E07BDDD5050E}.Release|Win32.ActiveCfg = Release|Win32
		{A8A138D0-B43B-431F-890A-E07BDDD5050E}.Release|Win32.Build.0 = Release|Win32
		{A8A138D0-B43B-431F-890A-E07BDDD5050E}.Release|x64.ActiveCfg = Release|x64
		{A8A138D0-B43B-431F-890A-E07BDDD5050E}.Release|x64.Build.0 = Release|x64
		{0AA9A94D-2C5E-450B-89F2-A01B80248F46}.Debug|Win32.ActiveCfg = Debug|Win32
		{0AA9A94D-2C5E-450B-89F2-A01B80248F46}.Debug|Win32.Build.0 = Debug|Win32
		{0AA9A94D-2C5E-450B-89F2-A01B80248F46}.Debug|x64.ActiveCfg = Debug|x64
		{0AA9A94D-2C5E-450B-89F2-A01B80248F46}.Debug|x64.Build.0 = Debug|x64
		{0AA9A94D-2C5E-450B-89F2-A01B80248F46}.Release|Win32.ActiveCfg = Release|Win32
		{0AA9A94D-2C5E-450B-89F2-A01B80248F46}.Release|Win32.Build.0 = Release|Win32
		{0AA9A94D-2C5E-450B-89F2-A01B80248F46}.Release|x64.ActiveCfg = Release|x64
		{0AA9A94D-2C5E-450B-89F2-A01B80248F46}.Release|x64.Build.0 = Release|x64
		{F7E377B9-8CBA-4479-AF84-51325B55F0EE}.Debug|Win32.ActiveCfg = Debug|Win32
		{F7E377B9-8CBA-4479-AF84-51325B55F0EE}.Debug|Win32.Build.0 = Debug|Win32
		{F7E377B9-8CBA-4479-AF84-51325B55F0EE}.Debug|x64.ActiveCfg = Debug|x64
		{F7E377B9-8CBA-4479-AF84-51325B55F0EE}.Debug|x64.Build.0 = Debug|x64
		{F7E377B9-8CBA-4479-AF84-51325B55F0EE}.Release|Win32.ActiveCfg = Release|Win32
		{F7E377B9-8CBA-4479-AF84-51325B55F0EE}.Release|Win32.Build.0 = Release|Win32
		{F7E377B9-8CBA-4479-AF84-51325B55F0EE}.Release|x64.ActiveCfg = Release|x64
		{F7E377B9-8CBA-4479-AF84-51325B55F0EE}.Release|x64.Build.0 = Release|x64
		{78F5D51D-631E-4982-A428-179626CAB853}.Debug|Win32.ActiveCfg = Debug|Win32
		{78F5D51D-631E-4982-A428-179626CAB853}.Debug|Win32.Build.0 = Debug|Win32
		{78F5D51D-631E-4982-A428-179626CAB853}.Debug|x64.ActiveCfg = Debug|x64
		{78F5D51D-631E-4982-A428-179626CAB853}.Debug|x64.Build.0 = Debug|x64
		{78F5D51D-631E-4982-A428-179626CAB853}.Release|Win32.ActiveCfg = Release|Win32
		{78F5D51D-631E-4982-A428-179626CAB853}.Release|Win32.Build.0 = Release|Win32
		{78F5D51D-631E-4982-A428-179626CAB853}.Release|x64.ActiveCfg = Release|x64
		{78F5D51D-631E-4982-A428-179626CAB853}.Release|x64.Build.0 = Release|x64
		{44F87EA1-8AF5-4203-982F-1F956A5C6864}.Debug|Win32.ActiveCfg = Debug|Win32
		{44F87EA1-8AF5-4203-982F-1F956A5C6864}.Debug|Win32.Build.0 = Debug|Win32
		{44F87EA1-8AF5-4203-982F-1F956A5C6864}.Debug|x64.ActiveCfg = Debug|x64
		{44F87EA1-8AF5-4203-982F-1F956A5C6864}.Debug|x64.Build.0 = Debug|x64
		{44F87EA1-8AF5-4203-982F-1F956A5C6864}.Release|Win32.ActiveCfg = Release|Win32
		{44F87EA1-8AF5-4203-982F-1F956A5C6864}.Release|Win32.Build.0 = Release|Win32
		{44F87EA1-8AF5-4203-982F-1F956A5C6864}.Release|x64.ActiveCfg = Release|x64
		{44F87EA1-8AF5-4203-982F-1F956A5C6864}.Release|x64.Build.0 = Release|x64
	EndGlobalSection
	GlobalSection(SolutionProperties) = preSolution
		HideSolutionNode = FALSE
	EndGlobalSection
EndGlobal
